
Microsoft Visual Studio Solution File, Format Version 12.00
# Visual Studio Version 17
VisualStudioVersion = 17.0.31903.59
MinimumVisualStudioVersion = 10.0.40219.1
Project("{FAE04EC0-301F-11D3-BF4B-00C04F79EFBC}") = "GradeGenie.Domain", "GradeGenie.Domain\GradeGenie.Domain.csproj", "{A11E0DBE-8D94-4A9B-AE6B-3B7F9A53D3C0}"
EndProject
Project("{FAE04EC0-301F-11D3-BF4B-00C04F79EFBC}") = "GradeGenie.Application", "GradeGenie.Application\GradeGenie.Application.csproj", "{D2BF432D-519E-41ED-A2BC-D3EC4FEC413E}"
EndProject
Project("{FAE04EC0-301F-11D3-BF4B-00C04F79EFBC}") = "GradeGenie.Infrastructure", "GradeGenie.Infrastructure\GradeGenie.Infrastructure.csproj", "{81E90276-8C2E-4BE1-BE3F-7CA09639C318}"
EndProject
Project("{FAE04EC0-301F-11D3-BF4B-00C04F79EFBC}") = "GradeGenie.Api", "GradeGenie.Api\GradeGenie.Api.csproj", "{B138BD9F-D9B7-498A-A4C2-14F3F7C6FE66}"
EndProject
Project("{FAE04EC0-301F-11D3-BF4B-00C04F79EFBC}") = "GradeGenie.Domain.Tests", "tests\GradeGenie.Domain.Tests\GradeGenie.Domain.Tests.csproj", "{A6D8C3FC-F1E8-4CE6-A1B6-D95C3D9C3DB2}"
EndProject
Project("{FAE04EC0-301F-11D3-BF4B-00C04F79EFBC}") = "GradeGenie.Api.Tests", "tests\GradeGenie.Api.Tests\GradeGenie.Api.Tests.csproj", "{5A0BB923-14C0-489C-B0F0-2FDC15C486F0}"
EndProject
Project("{2150E333-8FDC-42A3-9474-1A3956D46DE8}") = "tests", "tests", "{0AB3BF05-4346-4AA6-1389-037BE0695223}"
EndProject
Project("{FAE04EC0-301F-11D3-BF4B-00C04F79EFBC}") = "GradeGenie.Application.Tests", "tests\GradeGenie.Application.Tests\GradeGenie.Application.Tests.csproj", "{45510AC7-0706-4D6C-AEB2-7F2A592A3502}"
EndProject
Global
	GlobalSection(SolutionConfigurationPlatforms) = preSolution
		Debug|Any CPU = Debug|Any CPU
		Debug|x64 = Debug|x64
		Debug|x86 = Debug|x86
		Release|Any CPU = Release|Any CPU
		Release|x64 = Release|x64
		Release|x86 = Release|x86
	EndGlobalSection
	GlobalSection(ProjectConfigurationPlatforms) = postSolution
		{A11E0DBE-8D94-4A9B-AE6B-3B7F9A53D3C0}.Debug|Any CPU.ActiveCfg = Debug|Any CPU
		{A11E0DBE-8D94-4A9B-AE6B-3B7F9A53D3C0}.Debug|Any CPU.Build.0 = Debug|Any CPU
		{A11E0DBE-8D94-4A9B-AE6B-3B7F9A53D3C0}.Debug|x64.ActiveCfg = Debug|Any CPU
		{A11E0DBE-8D94-4A9B-AE6B-3B7F9A53D3C0}.Debug|x64.Build.0 = Debug|Any CPU
		{A11E0DBE-8D94-4A9B-AE6B-3B7F9A53D3C0}.Debug|x86.ActiveCfg = Debug|Any CPU
		{A11E0DBE-8D94-4A9B-AE6B-3B7F9A53D3C0}.Debug|x86.Build.0 = Debug|Any CPU
		{A11E0DBE-8D94-4A9B-AE6B-3B7F9A53D3C0}.Release|Any CPU.ActiveCfg = Release|Any CPU
		{A11E0DBE-8D94-4A9B-AE6B-3B7F9A53D3C0}.Release|Any CPU.Build.0 = Release|Any CPU
		{A11E0DBE-8D94-4A9B-AE6B-3B7F9A53D3C0}.Release|x64.ActiveCfg = Release|Any CPU
		{A11E0DBE-8D94-4A9B-AE6B-3B7F9A53D3C0}.Release|x64.Build.0 = Release|Any CPU
		{A11E0DBE-8D94-4A9B-AE6B-3B7F9A53D3C0}.Release|x86.ActiveCfg = Release|Any CPU
		{A11E0DBE-8D94-4A9B-AE6B-3B7F9A53D3C0}.Release|x86.Build.0 = Release|Any CPU
		{D2BF432D-519E-41ED-A2BC-D3EC4FEC413E}.Debug|Any CPU.ActiveCfg = Debug|Any CPU
		{D2BF432D-519E-41ED-A2BC-D3EC4FEC413E}.Debug|Any CPU.Build.0 = Debug|Any CPU
		{D2BF432D-519E-41ED-A2BC-D3EC4FEC413E}.Debug|x64.ActiveCfg = Debug|Any CPU
		{D2BF432D-519E-41ED-A2BC-D3EC4FEC413E}.Debug|x64.Build.0 = Debug|Any CPU
		{D2BF432D-519E-41ED-A2BC-D3EC4FEC413E}.Debug|x86.ActiveCfg = Debug|Any CPU
		{D2BF432D-519E-41ED-A2BC-D3EC4FEC413E}.Debug|x86.Build.0 = Debug|Any CPU
		{D2BF432D-519E-41ED-A2BC-D3EC4FEC413E}.Release|Any CPU.ActiveCfg = Release|Any CPU
		{D2BF432D-519E-41ED-A2BC-D3EC4FEC413E}.Release|Any CPU.Build.0 = Release|Any CPU
		{D2BF432D-519E-41ED-A2BC-D3EC4FEC413E}.Release|x64.ActiveCfg = Release|Any CPU
		{D2BF432D-519E-41ED-A2BC-D3EC4FEC413E}.Release|x64.Build.0 = Release|Any CPU
		{D2BF432D-519E-41ED-A2BC-D3EC4FEC413E}.Release|x86.ActiveCfg = Release|Any CPU
		{D2BF432D-519E-41ED-A2BC-D3EC4FEC413E}.Release|x86.Build.0 = Release|Any CPU
		{81E90276-8C2E-4BE1-BE3F-7CA09639C318}.Debug|Any CPU.ActiveCfg = Debug|Any CPU
		{81E90276-8C2E-4BE1-BE3F-7CA09639C318}.Debug|Any CPU.Build.0 = Debug|Any CPU
		{81E90276-8C2E-4BE1-BE3F-7CA09639C318}.Debug|x64.ActiveCfg = Debug|Any CPU
		{81E90276-8C2E-4BE1-BE3F-7CA09639C318}.Debug|x64.Build.0 = Debug|Any CPU
		{81E90276-8C2E-4BE1-BE3F-7CA09639C318}.Debug|x86.ActiveCfg = Debug|Any CPU
		{81E90276-8C2E-4BE1-BE3F-7CA09639C318}.Debug|x86.Build.0 = Debug|Any CPU
		{81E90276-8C2E-4BE1-BE3F-7CA09639C318}.Release|Any CPU.ActiveCfg = Release|Any CPU
		{81E90276-8C2E-4BE1-BE3F-7CA09639C318}.Release|Any CPU.Build.0 = Release|Any CPU
		{81E90276-8C2E-4BE1-BE3F-7CA09639C318}.Release|x64.ActiveCfg = Release|Any CPU
		{81E90276-8C2E-4BE1-BE3F-7CA09639C318}.Release|x64.Build.0 = Release|Any CPU
		{81E90276-8C2E-4BE1-BE3F-7CA09639C318}.Release|x86.ActiveCfg = Release|Any CPU
		{81E90276-8C2E-4BE1-BE3F-7CA09639C318}.Release|x86.Build.0 = Release|Any CPU
		{B138BD9F-D9B7-498A-A4C2-14F3F7C6FE66}.Debug|Any CPU.ActiveCfg = Debug|Any CPU
		{B138BD9F-D9B7-498A-A4C2-14F3F7C6FE66}.Debug|Any CPU.Build.0 = Debug|Any CPU
		{B138BD9F-D9B7-498A-A4C2-14F3F7C6FE66}.Debug|x64.ActiveCfg = Debug|Any CPU
		{B138BD9F-D9B7-498A-A4C2-14F3F7C6FE66}.Debug|x64.Build.0 = Debug|Any CPU
		{B138BD9F-D9B7-498A-A4C2-14F3F7C6FE66}.Debug|x86.ActiveCfg = Debug|Any CPU
		{B138BD9F-D9B7-498A-A4C2-14F3F7C6FE66}.Debug|x86.Build.0 = Debug|Any CPU
		{B138BD9F-D9B7-498A-A4C2-14F3F7C6FE66}.Release|Any CPU.ActiveCfg = Release|Any CPU
		{B138BD9F-D9B7-498A-A4C2-14F3F7C6FE66}.Release|Any CPU.Build.0 = Release|Any CPU
		{B138BD9F-D9B7-498A-A4C2-14F3F7C6FE66}.Release|x64.ActiveCfg = Release|Any CPU
		{B138BD9F-D9B7-498A-A4C2-14F3F7C6FE66}.Release|x64.Build.0 = Release|Any CPU
		{B138BD9F-D9B7-498A-A4C2-14F3F7C6FE66}.Release|x86.ActiveCfg = Release|Any CPU
		{B138BD9F-D9B7-498A-A4C2-14F3F7C6FE66}.Release|x86.Build.0 = Release|Any CPU
		{A6D8C3FC-F1E8-4CE6-A1B6-D95C3D9C3DB2}.Debug|Any CPU.ActiveCfg = Debug|Any CPU
		{A6D8C3FC-F1E8-4CE6-A1B6-D95C3D9C3DB2}.Debug|Any CPU.Build.0 = Debug|Any CPU
		{A6D8C3FC-F1E8-4CE6-A1B6-D95C3D9C3DB2}.Debug|x64.ActiveCfg = Debug|Any CPU
		{A6D8C3FC-F1E8-4CE6-A1B6-D95C3D9C3DB2}.Debug|x64.Build.0 = Debug|Any CPU
		{A6D8C3FC-F1E8-4CE6-A1B6-D95C3D9C3DB2}.Debug|x86.ActiveCfg = Debug|Any CPU
		{A6D8C3FC-F1E8-4CE6-A1B6-D95C3D9C3DB2}.Debug|x86.Build.0 = Debug|Any CPU
		{A6D8C3FC-F1E8-4CE6-A1B6-D95C3D9C3DB2}.Release|Any CPU.ActiveCfg = Release|Any CPU
		{A6D8C3FC-F1E8-4CE6-A1B6-D95C3D9C3DB2}.Release|Any CPU.Build.0 = Release|Any CPU
		{A6D8C3FC-F1E8-4CE6-A1B6-D95C3D9C3DB2}.Release|x64.ActiveCfg = Release|Any CPU
		{A6D8C3FC-F1E8-4CE6-A1B6-D95C3D9C3DB2}.Release|x64.Build.0 = Release|Any CPU
		{A6D8C3FC-F1E8-4CE6-A1B6-D95C3D9C3DB2}.Release|x86.ActiveCfg = Release|Any CPU
		{A6D8C3FC-F1E8-4CE6-A1B6-D95C3D9C3DB2}.Release|x86.Build.0 = Release|Any CPU
		{5A0BB923-14C0-489C-B0F0-2FDC15C486F0}.Debug|Any CPU.ActiveCfg = Debug|Any CPU
		{5A0BB923-14C0-489C-B0F0-2FDC15C486F0}.Debug|Any CPU.Build.0 = Debug|Any CPU
		{5A0BB923-14C0-489C-B0F0-2FDC15C486F0}.Debug|x64.ActiveCfg = Debug|Any CPU
		{5A0BB923-14C0-489C-B0F0-2FDC15C486F0}.Debug|x64.Build.0 = Debug|Any CPU
		{5A0BB923-14C0-489C-B0F0-2FDC15C486F0}.Debug|x86.ActiveCfg = Debug|Any CPU
		{5A0BB923-14C0-489C-B0F0-2FDC15C486F0}.Debug|x86.Build.0 = Debug|Any CPU
		{5A0BB923-14C0-489C-B0F0-2FDC15C486F0}.Release|Any CPU.ActiveCfg = Release|Any CPU
		{5A0BB923-14C0-489C-B0F0-2FDC15C486F0}.Release|Any CPU.Build.0 = Release|Any CPU
		{5A0BB923-14C0-489C-B0F0-2FDC15C486F0}.Release|x64.ActiveCfg = Release|Any CPU
		{5A0BB923-14C0-489C-B0F0-2FDC15C486F0}.Release|x64.Build.0 = Release|Any CPU
		{5A0BB923-14C0-489C-B0F0-2FDC15C486F0}.Release|x86.ActiveCfg = Release|Any CPU
		{5A0BB923-14C0-489C-B0F0-2FDC15C486F0}.Release|x86.Build.0 = Release|Any CPU
		{45510AC7-0706-4D6C-AEB2-7F2A592A3502}.Debug|Any CPU.ActiveCfg = Debug|Any CPU
		{45510AC7-0706-4D6C-AEB2-7F2A592A3502}.Debug|Any CPU.Build.0 = Debug|Any CPU
		{45510AC7-0706-4D6C-AEB2-7F2A592A3502}.Debug|x64.ActiveCfg = Debug|Any CPU
		{45510AC7-0706-4D6C-AEB2-7F2A592A3502}.Debug|x64.Build.0 = Debug|Any CPU
		{45510AC7-0706-4D6C-AEB2-7F2A592A3502}.Debug|x86.ActiveCfg = Debug|Any CPU
		{45510AC7-0706-4D6C-AEB2-7F2A592A3502}.Debug|x86.Build.0 = Debug|Any CPU
		{45510AC7-0706-4D6C-AEB2-7F2A592A3502}.Release|Any CPU.ActiveCfg = Release|Any CPU
		{45510AC7-0706-4D6C-AEB2-7F2A592A3502}.Release|Any CPU.Build.0 = Release|Any CPU
		{45510AC7-0706-4D6C-AEB2-7F2A592A3502}.Release|x64.ActiveCfg = Release|Any CPU
		{45510AC7-0706-4D6C-AEB2-7F2A592A3502}.Release|x64.Build.0 = Release|Any CPU
		{45510AC7-0706-4D6C-AEB2-7F2A592A3502}.Release|x86.ActiveCfg = Release|Any CPU
		{45510AC7-0706-4D6C-AEB2-7F2A592A3502}.Release|x86.Build.0 = Release|Any CPU
	EndGlobalSection
	GlobalSection(SolutionProperties) = preSolution
		HideSolutionNode = FALSE
	EndGlobalSection
	GlobalSection(NestedProjects) = preSolution
		{45510AC7-0706-4D6C-AEB2-7F2A592A3502} = {0AB3BF05-4346-4AA6-1389-037BE0695223}
	EndGlobalSection
EndGlobal
